<?xml version="1.0" encoding="utf-8"?>
<Project ToolsVersion="4.0" xmlns="http://schemas.microsoft.com/developer/msbuild/2003">
  <ItemGroup>
    <Filter Include="Hobot">
      <UniqueIdentifier>{2172540D-8D86-7CBE-5608-201EC2DB78EF}</UniqueIdentifier>
    </Filter>
  </ItemGroup>
  <ItemGroup>
    <ClInclude Include="src\Hobot.h" />
    <ClInclude Include="src\Hobot\Application.h">
      <Filter>Hobot</Filter>
    </ClInclude>
    <ClInclude Include="src\Hobot\Core.h">
      <Filter>Hobot</Filter>
    </ClInclude>
    <ClInclude Include="src\Hobot\EntryPoint.h">
      <Filter>Hobot</Filter>
    </ClInclude>
    <ClInclude Include="src\Hobot\Logger.h">
      <Filter>Hobot</Filter>
    </ClInclude>
  </ItemGroup>
  <ItemGroup>
    <ClCompile Include="src\Hobot\Application.cpp">
      <Filter>Hobot</Filter>
    </ClCompile>
    <ClCompile Include="src\Hobot\Logger.cpp">
      <Filter>Hobot</Filter>
    </ClCompile>
  </ItemGroup>
</Project>